
Microsoft Visual Studio Solution File, Format Version 12.00
# Visual Studio Version 17
VisualStudioVersion = 17.13.35818.85 d17.13
MinimumVisualStudioVersion = 10.0.40219.1
Project("{FAE04EC0-301F-11D3-BF4B-00C04F79EFBC}") = "Ex1014", "Ex1014\Ex1014.csproj", "{1425996A-5835-4D92-A174-3186D9DEB1A9}"
EndProject
Global
	GlobalSection(SolutionConfigurationPlatforms) = preSolution
		Debug|Any CPU = Debug|Any CPU
		Release|Any CPU = Release|Any CPU
	EndGlobalSection
	GlobalSection(ProjectConfigurationPlatforms) = postSolution
		{1425996A-5835-4D92-A174-3186D9DEB1A9}.Debug|Any CPU.ActiveCfg = Debug|Any CPU
		{1425996A-5835-4D92-A174-3186D9DEB1A9}.Debug|Any CPU.Build.0 = Debug|Any CPU
		{1425996A-5835-4D92-A174-3186D9DEB1A9}.Release|Any CPU.ActiveCfg = Release|Any CPU
		{1425996A-5835-4D92-A174-3186D9DEB1A9}.Release|Any CPU.Build.0 = Release|Any CPU
	EndGlobalSection
	GlobalSection(SolutionProperties) = preSolution
		HideSolutionNode = FALSE
	EndGlobalSection
	GlobalSection(ExtensibilityGlobals) = postSolution
		SolutionGuid = {952DF33D-3934-4CCE-9944-BF47305D115F}
	EndGlobalSection
EndGlobal
