
Microsoft Visual Studio Solution File, Format Version 12.00
# Visual Studio Version 17
VisualStudioVersion = 17.13.35818.85 d17.13
MinimumVisualStudioVersion = 10.0.40219.1
Project("{FAE04EC0-301F-11D3-BF4B-00C04F79EFBC}") = "Ex1151", "Ex1151\Ex1151.csproj", "{CD08D23F-2AAF-4815-9FD8-5F488E588255}"
EndProject
Global
	GlobalSection(SolutionConfigurationPlatforms) = preSolution
		Debug|Any CPU = Debug|Any CPU
		Release|Any CPU = Release|Any CPU
	EndGlobalSection
	GlobalSection(ProjectConfigurationPlatforms) = postSolution
		{CD08D23F-2AAF-4815-9FD8-5F488E588255}.Debug|Any CPU.ActiveCfg = Debug|Any CPU
		{CD08D23F-2AAF-4815-9FD8-5F488E588255}.Debug|Any CPU.Build.0 = Debug|Any CPU
		{CD08D23F-2AAF-4815-9FD8-5F488E588255}.Release|Any CPU.ActiveCfg = Release|Any CPU
		{CD08D23F-2AAF-4815-9FD8-5F488E588255}.Release|Any CPU.Build.0 = Release|Any CPU
	EndGlobalSection
	GlobalSection(SolutionProperties) = preSolution
		HideSolutionNode = FALSE
	EndGlobalSection
	GlobalSection(ExtensibilityGlobals) = postSolution
		SolutionGuid = {F842A283-A409-408F-8D29-02D0588B3C8D}
	EndGlobalSection
EndGlobal
