
Microsoft Visual Studio Solution File, Format Version 12.00
# Visual Studio Version 17
VisualStudioVersion = 17.13.35818.85 d17.13
MinimumVisualStudioVersion = 10.0.40219.1
Project("{FAE04EC0-301F-11D3-BF4B-00C04F79EFBC}") = "Ex1073", "Ex1073\Ex1073.csproj", "{061EF1E1-0E98-4BB1-A41A-48BD8608DDE0}"
EndProject
Global
	GlobalSection(SolutionConfigurationPlatforms) = preSolution
		Debug|Any CPU = Debug|Any CPU
		Release|Any CPU = Release|Any CPU
	EndGlobalSection
	GlobalSection(ProjectConfigurationPlatforms) = postSolution
		{061EF1E1-0E98-4BB1-A41A-48BD8608DDE0}.Debug|Any CPU.ActiveCfg = Debug|Any CPU
		{061EF1E1-0E98-4BB1-A41A-48BD8608DDE0}.Debug|Any CPU.Build.0 = Debug|Any CPU
		{061EF1E1-0E98-4BB1-A41A-48BD8608DDE0}.Release|Any CPU.ActiveCfg = Release|Any CPU
		{061EF1E1-0E98-4BB1-A41A-48BD8608DDE0}.Release|Any CPU.Build.0 = Release|Any CPU
	EndGlobalSection
	GlobalSection(SolutionProperties) = preSolution
		HideSolutionNode = FALSE
	EndGlobalSection
	GlobalSection(ExtensibilityGlobals) = postSolution
		SolutionGuid = {889AC685-8129-4C09-AC50-59DBCA26F128}
	EndGlobalSection
EndGlobal
