
Microsoft Visual Studio Solution File, Format Version 12.00
# Visual Studio Version 17
VisualStudioVersion = 17.13.35818.85 d17.13
MinimumVisualStudioVersion = 10.0.40219.1
Project("{FAE04EC0-301F-11D3-BF4B-00C04F79EFBC}") = "Ex1016", "Ex1016\Ex1016.csproj", "{D7662640-600F-471B-93A7-DCE1DA412AB8}"
EndProject
Global
	GlobalSection(SolutionConfigurationPlatforms) = preSolution
		Debug|Any CPU = Debug|Any CPU
		Release|Any CPU = Release|Any CPU
	EndGlobalSection
	GlobalSection(ProjectConfigurationPlatforms) = postSolution
		{D7662640-600F-471B-93A7-DCE1DA412AB8}.Debug|Any CPU.ActiveCfg = Debug|Any CPU
		{D7662640-600F-471B-93A7-DCE1DA412AB8}.Debug|Any CPU.Build.0 = Debug|Any CPU
		{D7662640-600F-471B-93A7-DCE1DA412AB8}.Release|Any CPU.ActiveCfg = Release|Any CPU
		{D7662640-600F-471B-93A7-DCE1DA412AB8}.Release|Any CPU.Build.0 = Release|Any CPU
	EndGlobalSection
	GlobalSection(SolutionProperties) = preSolution
		HideSolutionNode = FALSE
	EndGlobalSection
	GlobalSection(ExtensibilityGlobals) = postSolution
		SolutionGuid = {D57A4798-B3FA-4AAB-8FCE-FF2A0569E116}
	EndGlobalSection
EndGlobal
