
Microsoft Visual Studio Solution File, Format Version 12.00
# Visual Studio Version 17
VisualStudioVersion = 17.13.35818.85 d17.13
MinimumVisualStudioVersion = 10.0.40219.1
Project("{FAE04EC0-301F-11D3-BF4B-00C04F79EFBC}") = "Ex1072", "Ex1072\Ex1072.csproj", "{09FFB9DB-34F8-406C-B164-A5349F7712EC}"
EndProject
Global
	GlobalSection(SolutionConfigurationPlatforms) = preSolution
		Debug|Any CPU = Debug|Any CPU
		Release|Any CPU = Release|Any CPU
	EndGlobalSection
	GlobalSection(ProjectConfigurationPlatforms) = postSolution
		{09FFB9DB-34F8-406C-B164-A5349F7712EC}.Debug|Any CPU.ActiveCfg = Debug|Any CPU
		{09FFB9DB-34F8-406C-B164-A5349F7712EC}.Debug|Any CPU.Build.0 = Debug|Any CPU
		{09FFB9DB-34F8-406C-B164-A5349F7712EC}.Release|Any CPU.ActiveCfg = Release|Any CPU
		{09FFB9DB-34F8-406C-B164-A5349F7712EC}.Release|Any CPU.Build.0 = Release|Any CPU
	EndGlobalSection
	GlobalSection(SolutionProperties) = preSolution
		HideSolutionNode = FALSE
	EndGlobalSection
	GlobalSection(ExtensibilityGlobals) = postSolution
		SolutionGuid = {E3D9E3A6-2F49-46B1-9864-08B0E252DCF2}
	EndGlobalSection
EndGlobal
