
Microsoft Visual Studio Solution File, Format Version 12.00
# Visual Studio Version 17
VisualStudioVersion = 17.13.35818.85 d17.13
MinimumVisualStudioVersion = 10.0.40219.1
Project("{FAE04EC0-301F-11D3-BF4B-00C04F79EFBC}") = "Ex1155", "Ex1155\Ex1155.csproj", "{C0CA9432-F615-4D03-904F-54E0111BAACB}"
EndProject
Global
	GlobalSection(SolutionConfigurationPlatforms) = preSolution
		Debug|Any CPU = Debug|Any CPU
		Release|Any CPU = Release|Any CPU
	EndGlobalSection
	GlobalSection(ProjectConfigurationPlatforms) = postSolution
		{C0CA9432-F615-4D03-904F-54E0111BAACB}.Debug|Any CPU.ActiveCfg = Debug|Any CPU
		{C0CA9432-F615-4D03-904F-54E0111BAACB}.Debug|Any CPU.Build.0 = Debug|Any CPU
		{C0CA9432-F615-4D03-904F-54E0111BAACB}.Release|Any CPU.ActiveCfg = Release|Any CPU
		{C0CA9432-F615-4D03-904F-54E0111BAACB}.Release|Any CPU.Build.0 = Release|Any CPU
	EndGlobalSection
	GlobalSection(SolutionProperties) = preSolution
		HideSolutionNode = FALSE
	EndGlobalSection
	GlobalSection(ExtensibilityGlobals) = postSolution
		SolutionGuid = {CA3A7DAD-DA2F-494D-B5CA-86EAE4F68C1A}
	EndGlobalSection
EndGlobal
