
Microsoft Visual Studio Solution File, Format Version 12.00
# Visual Studio Version 17
VisualStudioVersion = 17.13.35818.85 d17.13
MinimumVisualStudioVersion = 10.0.40219.1
Project("{FAE04EC0-301F-11D3-BF4B-00C04F79EFBC}") = "Ex1040", "Ex1040\Ex1040.csproj", "{B4028C90-4673-4B1C-A3E2-BE413C051CFF}"
EndProject
Global
	GlobalSection(SolutionConfigurationPlatforms) = preSolution
		Debug|Any CPU = Debug|Any CPU
		Release|Any CPU = Release|Any CPU
	EndGlobalSection
	GlobalSection(ProjectConfigurationPlatforms) = postSolution
		{B4028C90-4673-4B1C-A3E2-BE413C051CFF}.Debug|Any CPU.ActiveCfg = Debug|Any CPU
		{B4028C90-4673-4B1C-A3E2-BE413C051CFF}.Debug|Any CPU.Build.0 = Debug|Any CPU
		{B4028C90-4673-4B1C-A3E2-BE413C051CFF}.Release|Any CPU.ActiveCfg = Release|Any CPU
		{B4028C90-4673-4B1C-A3E2-BE413C051CFF}.Release|Any CPU.Build.0 = Release|Any CPU
	EndGlobalSection
	GlobalSection(SolutionProperties) = preSolution
		HideSolutionNode = FALSE
	EndGlobalSection
	GlobalSection(ExtensibilityGlobals) = postSolution
		SolutionGuid = {636462B6-6A3D-46BE-86FE-FFD36BCA40FD}
	EndGlobalSection
EndGlobal
