
Microsoft Visual Studio Solution File, Format Version 12.00
# Visual Studio Version 17
VisualStudioVersion = 17.13.35818.85 d17.13
MinimumVisualStudioVersion = 10.0.40219.1
Project("{FAE04EC0-301F-11D3-BF4B-00C04F79EFBC}") = "Ex1050", "Ex1050\Ex1050.csproj", "{AF245E32-B034-4A96-9ED8-A8DDEE9335A3}"
EndProject
Global
	GlobalSection(SolutionConfigurationPlatforms) = preSolution
		Debug|Any CPU = Debug|Any CPU
		Release|Any CPU = Release|Any CPU
	EndGlobalSection
	GlobalSection(ProjectConfigurationPlatforms) = postSolution
		{AF245E32-B034-4A96-9ED8-A8DDEE9335A3}.Debug|Any CPU.ActiveCfg = Debug|Any CPU
		{AF245E32-B034-4A96-9ED8-A8DDEE9335A3}.Debug|Any CPU.Build.0 = Debug|Any CPU
		{AF245E32-B034-4A96-9ED8-A8DDEE9335A3}.Release|Any CPU.ActiveCfg = Release|Any CPU
		{AF245E32-B034-4A96-9ED8-A8DDEE9335A3}.Release|Any CPU.Build.0 = Release|Any CPU
	EndGlobalSection
	GlobalSection(SolutionProperties) = preSolution
		HideSolutionNode = FALSE
	EndGlobalSection
	GlobalSection(ExtensibilityGlobals) = postSolution
		SolutionGuid = {042C5EB2-310B-4785-BD34-BEC263B600E1}
	EndGlobalSection
EndGlobal
