
Microsoft Visual Studio Solution File, Format Version 12.00
# Visual Studio Version 17
VisualStudioVersion = 17.13.35818.85 d17.13
MinimumVisualStudioVersion = 10.0.40219.1
Project("{FAE04EC0-301F-11D3-BF4B-00C04F79EFBC}") = "Ex1044", "Ex1044\Ex1044.csproj", "{C20D6389-1AFF-404E-AA57-A1B875C20148}"
EndProject
Global
	GlobalSection(SolutionConfigurationPlatforms) = preSolution
		Debug|Any CPU = Debug|Any CPU
		Release|Any CPU = Release|Any CPU
	EndGlobalSection
	GlobalSection(ProjectConfigurationPlatforms) = postSolution
		{C20D6389-1AFF-404E-AA57-A1B875C20148}.Debug|Any CPU.ActiveCfg = Debug|Any CPU
		{C20D6389-1AFF-404E-AA57-A1B875C20148}.Debug|Any CPU.Build.0 = Debug|Any CPU
		{C20D6389-1AFF-404E-AA57-A1B875C20148}.Release|Any CPU.ActiveCfg = Release|Any CPU
		{C20D6389-1AFF-404E-AA57-A1B875C20148}.Release|Any CPU.Build.0 = Release|Any CPU
	EndGlobalSection
	GlobalSection(SolutionProperties) = preSolution
		HideSolutionNode = FALSE
	EndGlobalSection
	GlobalSection(ExtensibilityGlobals) = postSolution
		SolutionGuid = {A3C9F0C1-3727-48E8-BB70-5FE7F211040A}
	EndGlobalSection
EndGlobal
