
Microsoft Visual Studio Solution File, Format Version 12.00
# Visual Studio Version 17
VisualStudioVersion = 17.13.35818.85 d17.13
MinimumVisualStudioVersion = 10.0.40219.1
Project("{FAE04EC0-301F-11D3-BF4B-00C04F79EFBC}") = "Ex1154", "Ex1154\Ex1154.csproj", "{AFD56337-905B-4BBB-9788-357EFF2C8D96}"
EndProject
Global
	GlobalSection(SolutionConfigurationPlatforms) = preSolution
		Debug|Any CPU = Debug|Any CPU
		Release|Any CPU = Release|Any CPU
	EndGlobalSection
	GlobalSection(ProjectConfigurationPlatforms) = postSolution
		{AFD56337-905B-4BBB-9788-357EFF2C8D96}.Debug|Any CPU.ActiveCfg = Debug|Any CPU
		{AFD56337-905B-4BBB-9788-357EFF2C8D96}.Debug|Any CPU.Build.0 = Debug|Any CPU
		{AFD56337-905B-4BBB-9788-357EFF2C8D96}.Release|Any CPU.ActiveCfg = Release|Any CPU
		{AFD56337-905B-4BBB-9788-357EFF2C8D96}.Release|Any CPU.Build.0 = Release|Any CPU
	EndGlobalSection
	GlobalSection(SolutionProperties) = preSolution
		HideSolutionNode = FALSE
	EndGlobalSection
	GlobalSection(ExtensibilityGlobals) = postSolution
		SolutionGuid = {DDF9A339-21A3-4239-9B83-890DFA6D389B}
	EndGlobalSection
EndGlobal
