<Solution>
  <Project Path="ExMatrizes/ExMatrizes.csproj" Id="ccd014d9-2fd2-4ec7-8e76-bebd920f6b8d" />
  <Project Path="ExMatrizes02/ExMatrizes02.csproj" Id="5e2dad86-a053-4f19-a77e-61a11087f24c" />
  <Project Path="ExMatrizes04/ExMatrizes04.csproj" Id="de39c6b3-2d3b-4e79-b087-8d96e3064859" />
  <Project Path="ExMatrizes05/ExMatrizes05.csproj" Id="24b9ff97-2b61-4e07-b484-1bafe958e231" />
  <Project Path="ExMatrizes06/ExMatrizes06.csproj" Id="72c68a27-755c-456a-a831-4fd8ffd9e9d4" />
  <Project Path="ExVetores03/ExVetores03.csproj" Id="b001deb5-0746-4460-a20a-077483a38b1c" />
</Solution>
