<Solution>
  <Project Path="EcVetores06/EcVetores06.csproj" Id="81fbda30-e092-4bfc-9e57-3fe85430b9d9" />
  <Project Path="ExVetores04/ExVetores04.csproj" Id="6c0a3958-dd2f-40dd-9803-9676b3fd56b9" />
  <Project Path="ExVetores05/ExVetores05.csproj" Id="5a750896-f7c3-4f7d-b378-15b45b9f6ada" />
  <Project Path="ExVetores07/ExVetores07.csproj" Id="9a638791-6003-4607-88fd-8b4a2db20d28" />
  <Project Path="ExVetores08/ExVetores08.csproj" Id="dcfb9a14-f558-40f2-88da-36193463741f" />
  <Project Path="ExVetores09/ExVetores09.csproj" Id="d0b31414-856d-4bde-be3d-b6e70999148b" />
</Solution>
